
Microsoft Visual Studio Solution File, Format Version 12.00
# Visual Studio 15
VisualStudioVersion = 15.0.28307.705
MinimumVisualStudioVersion = 10.0.40219.1
Project("{FAE04EC0-301F-11D3-BF4B-00C04F79EFBC}") = "ClientAjoutPrestationWCF", "ClientAjoutPrestationWCF\ClientAjoutPrestationWCF.csproj", "{4079A55F-9776-4A52-9880-8746AA89E276}"
EndProject
Global
	GlobalSection(SolutionConfigurationPlatforms) = preSolution
		Debug|Any CPU = Debug|Any CPU
		Release|Any CPU = Release|Any CPU
	EndGlobalSection
	GlobalSection(ProjectConfigurationPlatforms) = postSolution
		{4079A55F-9776-4A52-9880-8746AA89E276}.Debug|Any CPU.ActiveCfg = Debug|Any CPU
		{4079A55F-9776-4A52-9880-8746AA89E276}.Debug|Any CPU.Build.0 = Debug|Any CPU
		{4079A55F-9776-4A52-9880-8746AA89E276}.Release|Any CPU.ActiveCfg = Release|Any CPU
		{4079A55F-9776-4A52-9880-8746AA89E276}.Release|Any CPU.Build.0 = Release|Any CPU
	EndGlobalSection
	GlobalSection(SolutionProperties) = preSolution
		HideSolutionNode = FALSE
	EndGlobalSection
	GlobalSection(ExtensibilityGlobals) = postSolution
		SolutionGuid = {D66BD3A6-0F2E-4146-95AF-CFD911B1F65C}
	EndGlobalSection
EndGlobal
